
Microsoft Visual Studio Solution File, Format Version 12.00
# Visual Studio Version 17
VisualStudioVersion = 17.9.34714.143
MinimumVisualStudioVersion = 10.0.40219.1
Project("{FAE04EC0-301F-11D3-BF4B-00C04F79EFBC}") = "testAPI", "testAPI\testAPI.csproj", "{3C86E1F4-FD73-4A11-A343-D26B918CA04C}"
EndProject
Global
	GlobalSection(SolutionConfigurationPlatforms) = preSolution
		Debug|Any CPU = Debug|Any CPU
		Release|Any CPU = Release|Any CPU
	EndGlobalSection
	GlobalSection(ProjectConfigurationPlatforms) = postSolution
		{3C86E1F4-FD73-4A11-A343-D26B918CA04C}.Debug|Any CPU.ActiveCfg = Debug|Any CPU
		{3C86E1F4-FD73-4A11-A343-D26B918CA04C}.Debug|Any CPU.Build.0 = Debug|Any CPU
		{3C86E1F4-FD73-4A11-A343-D26B918CA04C}.Release|Any CPU.ActiveCfg = Release|Any CPU
		{3C86E1F4-FD73-4A11-A343-D26B918CA04C}.Release|Any CPU.Build.0 = Release|Any CPU
	EndGlobalSection
	GlobalSection(SolutionProperties) = preSolution
		HideSolutionNode = FALSE
	EndGlobalSection
	GlobalSection(ExtensibilityGlobals) = postSolution
		SolutionGuid = {0D38F164-A70D-44F5-A1E3-DDDDF6FD809C}
	EndGlobalSection
EndGlobal
